{
  "name": "${{ values.name }}",
  "version": "0.1.0",
  "lockfileVersion": 3,
  "requires": true,
  "packages": {
    "": {
      "name": "${{ values.name }}",
      "version": "0.1.0",
      "devDependencies": {
        "@datadog/datadog-ci": "^5.22.0"
      }
    },
    "node_modules/@datadog/datadog-ci": {
      "version": "5.22.0",
      "resolved": "https://registry.npmjs.org/@datadog/datadog-ci/-/datadog-ci-5.22.0.tgz",
      "integrity": "sha512-zq0Jn4nhgrMYZ1zoK24HHaanBqVjKolfKloGIo96XJViTPuoDP4xlLuljnXVPFmPQuSt4N2fGoXU6YGxiFpPqw==",
      "dev": true,
      "license": "Apache-2.0",
      "bin": {
        "datadog-ci": "dist/bundle.js"
      },
      "engines": {
        "node": ">=20"
      }
    }
  }
}
